
Microsoft Visual Studio Solution File, Format Version 12.00
# Visual Studio 15
VisualStudioVersion = 15.0.27703.2042
MinimumVisualStudioVersion = 10.0.40219.1
Project("{FAE04EC0-301F-11D3-BF4B-00C04F79EFBC}") = "ConsignmentShopUI", "ConsignmentShopUI\ConsignmentShopUI.csproj", "{BA7FA453-3BE1-42B7-AF40-D83FA4A73201}"
EndProject
Project("{FAE04EC0-301F-11D3-BF4B-00C04F79EFBC}") = "ConsignmentShopLibrary", "ConsignmentShopLibrary\ConsignmentShopLibrary.csproj", "{0A1EAB6B-ECB9-4B2A-853F-4A285EB59213}"
EndProject
Global
	GlobalSection(SolutionConfigurationPlatforms) = preSolution
		Debug|Any CPU = Debug|Any CPU
		Release|Any CPU = Release|Any CPU
	EndGlobalSection
	GlobalSection(ProjectConfigurationPlatforms) = postSolution
		{BA7FA453-3BE1-42B7-AF40-D83FA4A73201}.Debug|Any CPU.ActiveCfg = Debug|Any CPU
		{BA7FA453-3BE1-42B7-AF40-D83FA4A73201}.Debug|Any CPU.Build.0 = Debug|Any CPU
		{BA7FA453-3BE1-42B7-AF40-D83FA4A73201}.Release|Any CPU.ActiveCfg = Release|Any CPU
		{BA7FA453-3BE1-42B7-AF40-D83FA4A73201}.Release|Any CPU.Build.0 = Release|Any CPU
		{0A1EAB6B-ECB9-4B2A-853F-4A285EB59213}.Debug|Any CPU.ActiveCfg = Debug|Any CPU
		{0A1EAB6B-ECB9-4B2A-853F-4A285EB59213}.Debug|Any CPU.Build.0 = Debug|Any CPU
		{0A1EAB6B-ECB9-4B2A-853F-4A285EB59213}.Release|Any CPU.ActiveCfg = Release|Any CPU
		{0A1EAB6B-ECB9-4B2A-853F-4A285EB59213}.Release|Any CPU.Build.0 = Release|Any CPU
	EndGlobalSection
	GlobalSection(SolutionProperties) = preSolution
		HideSolutionNode = FALSE
	EndGlobalSection
	GlobalSection(ExtensibilityGlobals) = postSolution
		SolutionGuid = {E3092A1A-A2FB-43D6-BFE4-3B34F0377DF3}
	EndGlobalSection
EndGlobal
